
Microsoft Visual Studio Solution File, Format Version 12.00
# Visual Studio Version 17
VisualStudioVersion = 17.11.35222.181
MinimumVisualStudioVersion = 10.0.40219.1
Project("{FAE04EC0-301F-11D3-BF4B-00C04F79EFBC}") = "пр 2", "пр 2\пр 2.csproj", "{FAA3F3EB-C0D9-45D4-8E6E-E173BDC4BD90}"
EndProject
Project("{FAE04EC0-301F-11D3-BF4B-00C04F79EFBC}") = "LibMas", "LibMas\LibMas.csproj", "{FC3F978D-66C0-4790-B3A3-AD1C6579B767}"
EndProject
Project("{FAE04EC0-301F-11D3-BF4B-00C04F79EFBC}") = "Lib_1", "Lib_1\Lib_1.csproj", "{81EEF84B-0E6A-4B18-867D-D74F8F405613}"
EndProject
Global
	GlobalSection(SolutionConfigurationPlatforms) = preSolution
		Debug|Any CPU = Debug|Any CPU
		Release|Any CPU = Release|Any CPU
	EndGlobalSection
	GlobalSection(ProjectConfigurationPlatforms) = postSolution
		{FAA3F3EB-C0D9-45D4-8E6E-E173BDC4BD90}.Debug|Any CPU.ActiveCfg = Debug|Any CPU
		{FAA3F3EB-C0D9-45D4-8E6E-E173BDC4BD90}.Debug|Any CPU.Build.0 = Debug|Any CPU
		{FAA3F3EB-C0D9-45D4-8E6E-E173BDC4BD90}.Release|Any CPU.ActiveCfg = Release|Any CPU
		{FAA3F3EB-C0D9-45D4-8E6E-E173BDC4BD90}.Release|Any CPU.Build.0 = Release|Any CPU
		{FC3F978D-66C0-4790-B3A3-AD1C6579B767}.Debug|Any CPU.ActiveCfg = Debug|Any CPU
		{FC3F978D-66C0-4790-B3A3-AD1C6579B767}.Debug|Any CPU.Build.0 = Debug|Any CPU
		{FC3F978D-66C0-4790-B3A3-AD1C6579B767}.Release|Any CPU.ActiveCfg = Release|Any CPU
		{FC3F978D-66C0-4790-B3A3-AD1C6579B767}.Release|Any CPU.Build.0 = Release|Any CPU
		{81EEF84B-0E6A-4B18-867D-D74F8F405613}.Debug|Any CPU.ActiveCfg = Debug|Any CPU
		{81EEF84B-0E6A-4B18-867D-D74F8F405613}.Debug|Any CPU.Build.0 = Debug|Any CPU
		{81EEF84B-0E6A-4B18-867D-D74F8F405613}.Release|Any CPU.ActiveCfg = Release|Any CPU
		{81EEF84B-0E6A-4B18-867D-D74F8F405613}.Release|Any CPU.Build.0 = Release|Any CPU
	EndGlobalSection
	GlobalSection(SolutionProperties) = preSolution
		HideSolutionNode = FALSE
	EndGlobalSection
	GlobalSection(ExtensibilityGlobals) = postSolution
		SolutionGuid = {61E349A7-41AC-4D62-B82E-B43B645FB729}
	EndGlobalSection
EndGlobal
